
Microsoft Visual Studio Solution File, Format Version 12.00
# Visual Studio 15
VisualStudioVersion = 15.0.26124.0
MinimumVisualStudioVersion = 15.0.26124.0
Project("{2150E333-8FDC-42A3-9474-1A3956D46DE8}") = "src", "src", "{A77FCE8F-4DE9-4B6B-9C26-9A86BAEC4F72}"
EndProject
Project("{FAE04EC0-301F-11D3-BF4B-00C04F79EFBC}") = "Receiver", "src\Receiver\Receiver.csproj", "{B9DA956A-B648-4FDB-865D-32B12B6B5549}"
EndProject
Project("{FAE04EC0-301F-11D3-BF4B-00C04F79EFBC}") = "Sender", "src\Sender\Sender.csproj", "{635780E4-E33A-4587-B2C7-D6501328494A}"
EndProject
Global
	GlobalSection(SolutionConfigurationPlatforms) = preSolution
		Debug|Any CPU = Debug|Any CPU
		Debug|x64 = Debug|x64
		Debug|x86 = Debug|x86
		Release|Any CPU = Release|Any CPU
		Release|x64 = Release|x64
		Release|x86 = Release|x86
	EndGlobalSection
	GlobalSection(SolutionProperties) = preSolution
		HideSolutionNode = FALSE
	EndGlobalSection
	GlobalSection(ProjectConfigurationPlatforms) = postSolution
		{B9DA956A-B648-4FDB-865D-32B12B6B5549}.Debug|Any CPU.ActiveCfg = Debug|Any CPU
		{B9DA956A-B648-4FDB-865D-32B12B6B5549}.Debug|Any CPU.Build.0 = Debug|Any CPU
		{B9DA956A-B648-4FDB-865D-32B12B6B5549}.Debug|x64.ActiveCfg = Debug|Any CPU
		{B9DA956A-B648-4FDB-865D-32B12B6B5549}.Debug|x64.Build.0 = Debug|Any CPU
		{B9DA956A-B648-4FDB-865D-32B12B6B5549}.Debug|x86.ActiveCfg = Debug|Any CPU
		{B9DA956A-B648-4FDB-865D-32B12B6B5549}.Debug|x86.Build.0 = Debug|Any CPU
		{B9DA956A-B648-4FDB-865D-32B12B6B5549}.Release|Any CPU.ActiveCfg = Release|Any CPU
		{B9DA956A-B648-4FDB-865D-32B12B6B5549}.Release|Any CPU.Build.0 = Release|Any CPU
		{B9DA956A-B648-4FDB-865D-32B12B6B5549}.Release|x64.ActiveCfg = Release|Any CPU
		{B9DA956A-B648-4FDB-865D-32B12B6B5549}.Release|x64.Build.0 = Release|Any CPU
		{B9DA956A-B648-4FDB-865D-32B12B6B5549}.Release|x86.ActiveCfg = Release|Any CPU
		{B9DA956A-B648-4FDB-865D-32B12B6B5549}.Release|x86.Build.0 = Release|Any CPU
		{635780E4-E33A-4587-B2C7-D6501328494A}.Debug|Any CPU.ActiveCfg = Debug|Any CPU
		{635780E4-E33A-4587-B2C7-D6501328494A}.Debug|Any CPU.Build.0 = Debug|Any CPU
		{635780E4-E33A-4587-B2C7-D6501328494A}.Debug|x64.ActiveCfg = Debug|Any CPU
		{635780E4-E33A-4587-B2C7-D6501328494A}.Debug|x64.Build.0 = Debug|Any CPU
		{635780E4-E33A-4587-B2C7-D6501328494A}.Debug|x86.ActiveCfg = Debug|Any CPU
		{635780E4-E33A-4587-B2C7-D6501328494A}.Debug|x86.Build.0 = Debug|Any CPU
		{635780E4-E33A-4587-B2C7-D6501328494A}.Release|Any CPU.ActiveCfg = Release|Any CPU
		{635780E4-E33A-4587-B2C7-D6501328494A}.Release|Any CPU.Build.0 = Release|Any CPU
		{635780E4-E33A-4587-B2C7-D6501328494A}.Release|x64.ActiveCfg = Release|Any CPU
		{635780E4-E33A-4587-B2C7-D6501328494A}.Release|x64.Build.0 = Release|Any CPU
		{635780E4-E33A-4587-B2C7-D6501328494A}.Release|x86.ActiveCfg = Release|Any CPU
		{635780E4-E33A-4587-B2C7-D6501328494A}.Release|x86.Build.0 = Release|Any CPU
	EndGlobalSection
	GlobalSection(NestedProjects) = preSolution
		{B9DA956A-B648-4FDB-865D-32B12B6B5549} = {A77FCE8F-4DE9-4B6B-9C26-9A86BAEC4F72}
		{635780E4-E33A-4587-B2C7-D6501328494A} = {A77FCE8F-4DE9-4B6B-9C26-9A86BAEC4F72}
	EndGlobalSection
EndGlobal
